
Microsoft Visual Studio Solution File, Format Version 12.00
# Visual Studio Version 16
VisualStudioVersion = 16.0.30320.27
MinimumVisualStudioVersion = 10.0.40219.1
Project("{FAE04EC0-301F-11D3-BF4B-00C04F79EFBC}") = "FourInARow", "FourInARow.csproj", "{255027CB-B694-4933-8DA0-50949041DD4C}"
EndProject
Global
	GlobalSection(SolutionConfigurationPlatforms) = preSolution
		Debug|Any CPU = Debug|Any CPU
		Release|Any CPU = Release|Any CPU
	EndGlobalSection
	GlobalSection(ProjectConfigurationPlatforms) = postSolution
		{255027CB-B694-4933-8DA0-50949041DD4C}.Debug|Any CPU.ActiveCfg = Debug|Any CPU
		{255027CB-B694-4933-8DA0-50949041DD4C}.Debug|Any CPU.Build.0 = Debug|Any CPU
		{255027CB-B694-4933-8DA0-50949041DD4C}.Release|Any CPU.ActiveCfg = Release|Any CPU
		{255027CB-B694-4933-8DA0-50949041DD4C}.Release|Any CPU.Build.0 = Release|Any CPU
	EndGlobalSection
	GlobalSection(SolutionProperties) = preSolution
		HideSolutionNode = FALSE
	EndGlobalSection
	GlobalSection(ExtensibilityGlobals) = postSolution
		SolutionGuid = {7DCEA94F-2C8C-40C9-9076-F4ADDB08D51C}
	EndGlobalSection
EndGlobal
