
Microsoft Visual Studio Solution File, Format Version 12.00
# Visual Studio Version 17
VisualStudioVersion = 17.7.34009.444
MinimumVisualStudioVersion = 10.0.40219.1
Project("{FAE04EC0-301F-11D3-BF4B-00C04F79EFBC}") = "CheckersGameLogic", "CheckersGameLogic\CheckersGameLogic.csproj", "{779AA178-4449-44AB-94FF-A84F6F4C0B9B}"
EndProject
Project("{FAE04EC0-301F-11D3-BF4B-00C04F79EFBC}") = "CheckersGameUI", "CheckersGameUI\CheckersGameUI.csproj", "{027D7394-29A2-412A-AD73-18DDA7B19912}"
EndProject
Global
	GlobalSection(SolutionConfigurationPlatforms) = preSolution
		Debug|Any CPU = Debug|Any CPU
		Release|Any CPU = Release|Any CPU
	EndGlobalSection
	GlobalSection(ProjectConfigurationPlatforms) = postSolution
		{779AA178-4449-44AB-94FF-A84F6F4C0B9B}.Debug|Any CPU.ActiveCfg = Debug|Any CPU
		{779AA178-4449-44AB-94FF-A84F6F4C0B9B}.Debug|Any CPU.Build.0 = Debug|Any CPU
		{779AA178-4449-44AB-94FF-A84F6F4C0B9B}.Release|Any CPU.ActiveCfg = Release|Any CPU
		{779AA178-4449-44AB-94FF-A84F6F4C0B9B}.Release|Any CPU.Build.0 = Release|Any CPU
		{027D7394-29A2-412A-AD73-18DDA7B19912}.Debug|Any CPU.ActiveCfg = Debug|Any CPU
		{027D7394-29A2-412A-AD73-18DDA7B19912}.Debug|Any CPU.Build.0 = Debug|Any CPU
		{027D7394-29A2-412A-AD73-18DDA7B19912}.Release|Any CPU.ActiveCfg = Release|Any CPU
		{027D7394-29A2-412A-AD73-18DDA7B19912}.Release|Any CPU.Build.0 = Release|Any CPU
	EndGlobalSection
	GlobalSection(SolutionProperties) = preSolution
		HideSolutionNode = FALSE
	EndGlobalSection
	GlobalSection(ExtensibilityGlobals) = postSolution
		SolutionGuid = {466FF3E9-93B7-4C0C-8D7F-66F81319326B}
	EndGlobalSection
EndGlobal
