
Microsoft Visual Studio Solution File, Format Version 12.00
# Visual Studio Version 17
VisualStudioVersion = 17.7.34009.444
MinimumVisualStudioVersion = 10.0.40219.1
Project("{FAE04EC0-301F-11D3-BF4B-00C04F79EFBC}") = "Ex03.GarageLogic", "Ex03.GarageLogic\Ex03.GarageLogic.csproj", "{8E1AB667-30DC-450B-895C-6CDD5B1BF79A}"
EndProject
Project("{FAE04EC0-301F-11D3-BF4B-00C04F79EFBC}") = "Ex03.ConsoleUI", "Ex03.ConsoleUI\Ex03.ConsoleUI.csproj", "{BDDDF404-6DF3-4AD3-8B55-740E49824CD1}"
EndProject
Global
	GlobalSection(SolutionConfigurationPlatforms) = preSolution
		Debug|Any CPU = Debug|Any CPU
		Release|Any CPU = Release|Any CPU
	EndGlobalSection
	GlobalSection(ProjectConfigurationPlatforms) = postSolution
		{8E1AB667-30DC-450B-895C-6CDD5B1BF79A}.Debug|Any CPU.ActiveCfg = Debug|Any CPU
		{8E1AB667-30DC-450B-895C-6CDD5B1BF79A}.Debug|Any CPU.Build.0 = Debug|Any CPU
		{8E1AB667-30DC-450B-895C-6CDD5B1BF79A}.Release|Any CPU.ActiveCfg = Release|Any CPU
		{8E1AB667-30DC-450B-895C-6CDD5B1BF79A}.Release|Any CPU.Build.0 = Release|Any CPU
		{BDDDF404-6DF3-4AD3-8B55-740E49824CD1}.Debug|Any CPU.ActiveCfg = Debug|Any CPU
		{BDDDF404-6DF3-4AD3-8B55-740E49824CD1}.Debug|Any CPU.Build.0 = Debug|Any CPU
		{BDDDF404-6DF3-4AD3-8B55-740E49824CD1}.Release|Any CPU.ActiveCfg = Release|Any CPU
		{BDDDF404-6DF3-4AD3-8B55-740E49824CD1}.Release|Any CPU.Build.0 = Release|Any CPU
	EndGlobalSection
	GlobalSection(SolutionProperties) = preSolution
		HideSolutionNode = FALSE
	EndGlobalSection
	GlobalSection(ExtensibilityGlobals) = postSolution
		SolutionGuid = {95881960-565E-49EC-8060-0194EB979E08}
	EndGlobalSection
EndGlobal
